
Microsoft Visual Studio Solution File, Format Version 12.00
# Visual Studio Version 17
VisualStudioVersion = 17.0.32112.339
MinimumVisualStudioVersion = 10.0.40219.1
Project("{9A19103F-16F7-4668-BE54-9A1E7A4F7556}") = "Student_Management", "Student Management\Student_Management.csproj", "{5EFD62F7-DCB7-4360-A0AF-2E32470F73F0}"
EndProject
Global
	GlobalSection(SolutionConfigurationPlatforms) = preSolution
		Debug|Any CPU = Debug|Any CPU
		Release|Any CPU = Release|Any CPU
	EndGlobalSection
	GlobalSection(ProjectConfigurationPlatforms) = postSolution
		{5EFD62F7-DCB7-4360-A0AF-2E32470F73F0}.Debug|Any CPU.ActiveCfg = Debug|Any CPU
		{5EFD62F7-DCB7-4360-A0AF-2E32470F73F0}.Debug|Any CPU.Build.0 = Debug|Any CPU
		{5EFD62F7-DCB7-4360-A0AF-2E32470F73F0}.Release|Any CPU.ActiveCfg = Release|Any CPU
		{5EFD62F7-DCB7-4360-A0AF-2E32470F73F0}.Release|Any CPU.Build.0 = Release|Any CPU
	EndGlobalSection
	GlobalSection(SolutionProperties) = preSolution
		HideSolutionNode = FALSE
	EndGlobalSection
	GlobalSection(ExtensibilityGlobals) = postSolution
		SolutionGuid = {591FACFC-B642-4231-BEFA-DA63F11AFD3F}
	EndGlobalSection
EndGlobal
